
Microsoft Visual Studio Solution File, Format Version 12.00
# Visual Studio 15
VisualStudioVersion = 15.0.26403.3
MinimumVisualStudioVersion = 10.0.40219.1
Project("{FAE04EC0-301F-11D3-BF4B-00C04F79EFBC}") = "Client", "Client\Client.csproj", "{EFFBEB04-99FA-4ACA-9CE0-5EFD1DCBF2A3}"
EndProject
Project("{FAE04EC0-301F-11D3-BF4B-00C04F79EFBC}") = "Server", "Server\Server.csproj", "{335594E2-A8DC-42AC-B39E-B476E649FC3A}"
EndProject
Project("{FAE04EC0-301F-11D3-BF4B-00C04F79EFBC}") = "Communication", "Communication\Communication.csproj", "{5830337C-0B53-4363-A85B-867417DA8358}"
EndProject
Global
	GlobalSection(SolutionConfigurationPlatforms) = preSolution
		Debug|Any CPU = Debug|Any CPU
		Release|Any CPU = Release|Any CPU
	EndGlobalSection
	GlobalSection(ProjectConfigurationPlatforms) = postSolution
		{EFFBEB04-99FA-4ACA-9CE0-5EFD1DCBF2A3}.Debug|Any CPU.ActiveCfg = Debug|Any CPU
		{EFFBEB04-99FA-4ACA-9CE0-5EFD1DCBF2A3}.Debug|Any CPU.Build.0 = Debug|Any CPU
		{EFFBEB04-99FA-4ACA-9CE0-5EFD1DCBF2A3}.Release|Any CPU.ActiveCfg = Release|Any CPU
		{EFFBEB04-99FA-4ACA-9CE0-5EFD1DCBF2A3}.Release|Any CPU.Build.0 = Release|Any CPU
		{335594E2-A8DC-42AC-B39E-B476E649FC3A}.Debug|Any CPU.ActiveCfg = Debug|Any CPU
		{335594E2-A8DC-42AC-B39E-B476E649FC3A}.Debug|Any CPU.Build.0 = Debug|Any CPU
		{335594E2-A8DC-42AC-B39E-B476E649FC3A}.Release|Any CPU.ActiveCfg = Release|Any CPU
		{335594E2-A8DC-42AC-B39E-B476E649FC3A}.Release|Any CPU.Build.0 = Release|Any CPU
		{5830337C-0B53-4363-A85B-867417DA8358}.Debug|Any CPU.ActiveCfg = Debug|Any CPU
		{5830337C-0B53-4363-A85B-867417DA8358}.Debug|Any CPU.Build.0 = Debug|Any CPU
		{5830337C-0B53-4363-A85B-867417DA8358}.Release|Any CPU.ActiveCfg = Release|Any CPU
		{5830337C-0B53-4363-A85B-867417DA8358}.Release|Any CPU.Build.0 = Release|Any CPU
	EndGlobalSection
	GlobalSection(SolutionProperties) = preSolution
		HideSolutionNode = FALSE
	EndGlobalSection
EndGlobal
